
Microsoft Visual Studio Solution File, Format Version 12.00
# Visual Studio Version 17
VisualStudioVersion = 17.8.34316.72
MinimumVisualStudioVersion = 10.0.40219.1
Project("{FAE04EC0-301F-11D3-BF4B-00C04F79EFBC}") = "Samu.lab01", "Samu.lab01\Samu.lab01.csproj", "{E9F9052C-2A6F-4AC0-B41E-1EA57774630C}"
EndProject
Global
	GlobalSection(SolutionConfigurationPlatforms) = preSolution
		Debug|Any CPU = Debug|Any CPU
		Release|Any CPU = Release|Any CPU
	EndGlobalSection
	GlobalSection(ProjectConfigurationPlatforms) = postSolution
		{E9F9052C-2A6F-4AC0-B41E-1EA57774630C}.Debug|Any CPU.ActiveCfg = Debug|Any CPU
		{E9F9052C-2A6F-4AC0-B41E-1EA57774630C}.Debug|Any CPU.Build.0 = Debug|Any CPU
		{E9F9052C-2A6F-4AC0-B41E-1EA57774630C}.Release|Any CPU.ActiveCfg = Release|Any CPU
		{E9F9052C-2A6F-4AC0-B41E-1EA57774630C}.Release|Any CPU.Build.0 = Release|Any CPU
	EndGlobalSection
	GlobalSection(SolutionProperties) = preSolution
		HideSolutionNode = FALSE
	EndGlobalSection
	GlobalSection(ExtensibilityGlobals) = postSolution
		SolutionGuid = {AA587390-4424-488E-83F4-23C271D858D6}
	EndGlobalSection
EndGlobal
